
Microsoft Visual Studio Solution File, Format Version 12.00
# Visual Studio Version 17
VisualStudioVersion = 17.10.35013.160
MinimumVisualStudioVersion = 10.0.40219.1
Project("{FAE04EC0-301F-11D3-BF4B-00C04F79EFBC}") = "ChallangeApp1", "ChallangeApp1\ChallangeApp1.csproj", "{594382B6-319A-460F-8616-E9892E7BE5FB}"
EndProject
Project("{FAE04EC0-301F-11D3-BF4B-00C04F79EFBC}") = "ChallangeApp1_Test", "ChallangeApp1_Test\ChallangeApp1_Test.csproj", "{C1EE3E1D-34D6-4416-82EC-0A5F254CA027}"
EndProject
Global
	GlobalSection(SolutionConfigurationPlatforms) = preSolution
		Debug|Any CPU = Debug|Any CPU
		Release|Any CPU = Release|Any CPU
	EndGlobalSection
	GlobalSection(ProjectConfigurationPlatforms) = postSolution
		{594382B6-319A-460F-8616-E9892E7BE5FB}.Debug|Any CPU.ActiveCfg = Debug|Any CPU
		{594382B6-319A-460F-8616-E9892E7BE5FB}.Debug|Any CPU.Build.0 = Debug|Any CPU
		{594382B6-319A-460F-8616-E9892E7BE5FB}.Release|Any CPU.ActiveCfg = Release|Any CPU
		{594382B6-319A-460F-8616-E9892E7BE5FB}.Release|Any CPU.Build.0 = Release|Any CPU
		{C1EE3E1D-34D6-4416-82EC-0A5F254CA027}.Debug|Any CPU.ActiveCfg = Debug|Any CPU
		{C1EE3E1D-34D6-4416-82EC-0A5F254CA027}.Debug|Any CPU.Build.0 = Debug|Any CPU
		{C1EE3E1D-34D6-4416-82EC-0A5F254CA027}.Release|Any CPU.ActiveCfg = Release|Any CPU
		{C1EE3E1D-34D6-4416-82EC-0A5F254CA027}.Release|Any CPU.Build.0 = Release|Any CPU
	EndGlobalSection
	GlobalSection(SolutionProperties) = preSolution
		HideSolutionNode = FALSE
	EndGlobalSection
	GlobalSection(ExtensibilityGlobals) = postSolution
		SolutionGuid = {7DAF2080-D6BB-4FBE-89E1-350B1AC41DCE}
	EndGlobalSection
EndGlobal
